
Microsoft Visual Studio Solution File, Format Version 12.00
# Visual Studio Version 16
VisualStudioVersion = 16.0.30517.126
MinimumVisualStudioVersion = 10.0.40219.1
Project("{FAE04EC0-301F-11D3-BF4B-00C04F79EFBC}") = "Static_Mvc", "Static_Mvc\Static_Mvc.csproj", "{9BE9F2C0-45F4-46F5-B1F0-2891D11F85BD}"
EndProject
Global
	GlobalSection(SolutionConfigurationPlatforms) = preSolution
		Debug|Any CPU = Debug|Any CPU
		Release|Any CPU = Release|Any CPU
	EndGlobalSection
	GlobalSection(ProjectConfigurationPlatforms) = postSolution
		{9BE9F2C0-45F4-46F5-B1F0-2891D11F85BD}.Debug|Any CPU.ActiveCfg = Debug|Any CPU
		{9BE9F2C0-45F4-46F5-B1F0-2891D11F85BD}.Debug|Any CPU.Build.0 = Debug|Any CPU
		{9BE9F2C0-45F4-46F5-B1F0-2891D11F85BD}.Release|Any CPU.ActiveCfg = Release|Any CPU
		{9BE9F2C0-45F4-46F5-B1F0-2891D11F85BD}.Release|Any CPU.Build.0 = Release|Any CPU
	EndGlobalSection
	GlobalSection(SolutionProperties) = preSolution
		HideSolutionNode = FALSE
	EndGlobalSection
	GlobalSection(ExtensibilityGlobals) = postSolution
		SolutionGuid = {1A2FC694-EF4F-45E6-B336-49AF2C83AF5D}
	EndGlobalSection
EndGlobal
